
Microsoft Visual Studio Solution File, Format Version 12.00
# Visual Studio Version 17
VisualStudioVersion = 17.0.31903.59
MinimumVisualStudioVersion = 10.0.40219.1
Project("{FAE04EC0-301F-11D3-BF4B-00C04F79EFBC}") = "Notifications.Domain", "Notifications.Domain\Notifications.Domain.csproj", "{D47C4D65-9188-4D52-BD8D-792F5F327C25}"
EndProject
Project("{FAE04EC0-301F-11D3-BF4B-00C04F79EFBC}") = "Notifications.Domain.Tests", "Notifications.Domain.Tests\Notifications.Domain.Tests.csproj", "{A6815C5F-5020-4465-88FE-CEEAD02DA2D0}"
EndProject
Global
	GlobalSection(SolutionConfigurationPlatforms) = preSolution
		Debug|Any CPU = Debug|Any CPU
		Release|Any CPU = Release|Any CPU
	EndGlobalSection
	GlobalSection(SolutionProperties) = preSolution
		HideSolutionNode = FALSE
	EndGlobalSection
	GlobalSection(ProjectConfigurationPlatforms) = postSolution
		{D47C4D65-9188-4D52-BD8D-792F5F327C25}.Debug|Any CPU.ActiveCfg = Debug|Any CPU
		{D47C4D65-9188-4D52-BD8D-792F5F327C25}.Debug|Any CPU.Build.0 = Debug|Any CPU
		{D47C4D65-9188-4D52-BD8D-792F5F327C25}.Release|Any CPU.ActiveCfg = Release|Any CPU
		{D47C4D65-9188-4D52-BD8D-792F5F327C25}.Release|Any CPU.Build.0 = Release|Any CPU
		{A6815C5F-5020-4465-88FE-CEEAD02DA2D0}.Debug|Any CPU.ActiveCfg = Debug|Any CPU
		{A6815C5F-5020-4465-88FE-CEEAD02DA2D0}.Debug|Any CPU.Build.0 = Debug|Any CPU
		{A6815C5F-5020-4465-88FE-CEEAD02DA2D0}.Release|Any CPU.ActiveCfg = Release|Any CPU
		{A6815C5F-5020-4465-88FE-CEEAD02DA2D0}.Release|Any CPU.Build.0 = Release|Any CPU
	EndGlobalSection
EndGlobal
